
Microsoft Visual Studio Solution File, Format Version 12.00
# Visual Studio Version 17
VisualStudioVersion = 17.5.33209.295
MinimumVisualStudioVersion = 10.0.40219.1
Project("{FAE04EC0-301F-11D3-BF4B-00C04F79EFBC}") = "CirculateWater", "CirculateWater\CirculateWater.csproj", "{6F4D0005-DA42-488F-B6DE-8F0CC5EC5E99}"
EndProject
Global
	GlobalSection(SolutionConfigurationPlatforms) = preSolution
		Debug|Any CPU = Debug|Any CPU
		Release|Any CPU = Release|Any CPU
	EndGlobalSection
	GlobalSection(ProjectConfigurationPlatforms) = postSolution
		{6F4D0005-DA42-488F-B6DE-8F0CC5EC5E99}.Debug|Any CPU.ActiveCfg = Debug|Any CPU
		{6F4D0005-DA42-488F-B6DE-8F0CC5EC5E99}.Debug|Any CPU.Build.0 = Debug|Any CPU
		{6F4D0005-DA42-488F-B6DE-8F0CC5EC5E99}.Release|Any CPU.ActiveCfg = Release|Any CPU
		{6F4D0005-DA42-488F-B6DE-8F0CC5EC5E99}.Release|Any CPU.Build.0 = Release|Any CPU
	EndGlobalSection
	GlobalSection(SolutionProperties) = preSolution
		HideSolutionNode = FALSE
	EndGlobalSection
	GlobalSection(ExtensibilityGlobals) = postSolution
		SolutionGuid = {FFD8EC2D-E1E0-4377-A6E1-2025F71168E9}
	EndGlobalSection
EndGlobal
